# This file was autogenerated by uv via the following command:
#    uv pip compile requirements-dev.in -o requirements-dev.lock --universal
agent-hooks-sdk==0.1.0a3
    # via -r requirements-dev.in
colorama==0.4.6 ; sys_platform == 'win32'
    # via pytest
iniconfig==2.3.0
    # via pytest
maturin==1.8.7
    # via -r requirements-dev.in
packaging==26.2
    # via pytest
pluggy==1.6.0
    # via pytest
pygments==2.20.0
    # via pytest
pytest==9.1.1
    # via -r requirements-dev.in
ruff==0.16.0
    # via -r requirements-dev.in
